// !$*UTF8*$!
{
	archiveVersion = 1;
	classes = {
	};
	objectVersion = 46;
	objects = {

/* Begin PBXBuildFile section */
		4501061F1EDBBF4500AA7A17 /* AppDelegate.swift in Sources */ = {isa = PBXBuildFile; fileRef = 4501061E1EDBBF4500AA7A17 /* AppDelegate.swift */; };
		450106211EDBBF4500AA7A17 /* ViewController.swift in Sources */ = {isa = PBXBuildFile; fileRef = 450106201EDBBF4500AA7A17 /* ViewController.swift */; };
		450106241EDBBF4500AA7A17 /* Main.storyboard in Resources */ = {isa = PBXBuildFile; fileRef = 450106221EDBBF4500AA7A17 /* Main.storyboard */; };
		450106261EDBBF4500AA7A17 /* Assets.xcassets in Resources */ = {isa = PBXBuildFile; fileRef = 450106251EDBBF4500AA7A17 /* Assets.xcassets */; };
		450106291EDBBF4500AA7A17 /* LaunchScreen.storyboard in Resources */ = {isa = PBXBuildFile; fileRef = 450106271EDBBF4500AA7A17 /* LaunchScreen.storyboard */; };
		450106321EDBC54600AA7A17 /* MapKit.framework in Frameworks */ = {isa = PBXBuildFile; fileRef = 450106311EDBC54600AA7A17 /* MapKit.framework */; };
		450106341EDBC62500AA7A17 /* MJHomeWebViewController.swift in Sources */ = {isa = PBXBuildFile; fileRef = 450106331EDBC62500AA7A17 /* MJHomeWebViewController.swift */; };
		450106361EDBFF5500AA7A17 /* MJMenuController.swift in Sources */ = {isa = PBXBuildFile; fileRef = 450106351EDBFF5500AA7A17 /* MJMenuController.swift */; };
		8A535E41D2A11E1E73F584E1 /* Pods_OfO.framework in Frameworks */ = {isa = PBXBuildFile; fileRef = 70E96F4199968277270EC3DB /* Pods_OfO.framework */; };
/* End PBXBuildFile section */

/* Begin PBXFileReference section */
		4501061B1EDBBF4500AA7A17 /* OfO.app */ = {isa = PBXFileReference; explicitFileType = wrapper.application; includeInIndex = 0; path = OfO.app; sourceTree = BUILT_PRODUCTS_DIR; };
		4501061E1EDBBF4500AA7A17 /* AppDelegate.swift */ = {isa = PBXFileReference; lastKnownFileType = sourcecode.swift; path = AppDelegate.swift; sourceTree = "<group>"; };
		450106201EDBBF4500AA7A17 /* ViewController.swift */ = {isa = PBXFileReference; lastKnownFileType = sourcecode.swift; path = ViewController.swift; sourceTree = "<group>"; };
		450106231EDBBF4500AA7A17 /* Base */ = {isa = PBXFileReference; lastKnownFileType = file.storyboard; name = Base; path = Base.lproj/Main.storyboard; sourceTree = "<group>"; };
		450106251EDBBF4500AA7A17 /* Assets.xcassets */ = {isa = PBXFileReference; lastKnownFileType = folder.assetcatalog; path = Assets.xcassets; sourceTree = "<group>"; };
		450106281EDBBF4500AA7A17 /* Base */ = {isa = PBXFileReference; lastKnownFileType = file.storyboard; name = Base; path = Base.lproj/LaunchScreen.storyboard; sourceTree = "<group>"; };
		4501062A1EDBBF4500AA7A17 /* Info.plist */ = {isa = PBXFileReference; lastKnownFileType = text.plist.xml; path = Info.plist; sourceTree = "<group>"; };
		450106311EDBC54600AA7A17 /* MapKit.framework */ = {isa = PBXFileReference; lastKnownFileType = wrapper.framework; name = MapKit.framework; path = System/Library/Frameworks/MapKit.framework; sourceTree = SDKROOT; };
		450106331EDBC62500AA7A17 /* MJHomeWebViewController.swift */ = {isa = PBXFileReference; fileEncoding = 4; lastKnownFileType = sourcecode.swift; path = MJHomeWebViewController.swift; sourceTree = "<group>"; };
		450106351EDBFF5500AA7A17 /* MJMenuController.swift */ = {isa = PBXFileReference; fileEncoding = 4; lastKnownFileType = sourcecode.swift; path = MJMenuController.swift; sourceTree = "<group>"; };
		45307E661EDD0D6800FBC98E /* OfO-Bridging-Header.h */ = {isa = PBXFileReference; lastKnownFileType = sourcecode.c.h; path = "OfO-Bridging-Header.h"; sourceTree = "<group>"; };
		4D8A0FED215680AAB71292AF /* Pods-OfO.debug.xcconfig */ = {isa = PBXFileReference; includeInIndex = 1; lastKnownFileType = text.xcconfig; name = "Pods-OfO.debug.xcconfig"; path = "Pods/Target Support Files/Pods-OfO/Pods-OfO.debug.xcconfig"; sourceTree = "<group>"; };
		576768DEBB223CC7950C13F1 /* Pods-OfO.release.xcconfig */ = {isa = PBXFileReference; includeInIndex = 1; lastKnownFileType = text.xcconfig; name = "Pods-OfO.release.xcconfig"; path = "Pods/Target Support Files/Pods-OfO/Pods-OfO.release.xcconfig"; sourceTree = "<group>"; };
		70E96F4199968277270EC3DB /* Pods_OfO.framework */ = {isa = PBXFileReference; explicitFileType = wrapper.framework; includeInIndex = 0; path = Pods_OfO.framework; sourceTree = BUILT_PRODUCTS_DIR; };
/* End PBXFileReference section */

/* Begin PBXFrameworksBuildPhase section */
		450106181EDBBF4500AA7A17 /* Frameworks */ = {
			isa = PBXFrameworksBuildPhase;
			buildActionMask = 2147483647;
			files = (
				450106321EDBC54600AA7A17 /* MapKit.framework in Frameworks */,
				8A535E41D2A11E1E73F584E1 /* Pods_OfO.framework in Frameworks */,
			);
			runOnlyForDeploymentPostprocessing = 0;
		};
/* End PBXFrameworksBuildPhase section */

/* Begin PBXGroup section */
		450106121EDBBF4500AA7A17 = {
			isa = PBXGroup;
			children = (
				4501061D1EDBBF4500AA7A17 /* OfO */,
				4501061C1EDBBF4500AA7A17 /* Products */,
				450106301EDBC54600AA7A17 /* Frameworks */,
				9F6A08E60539C7C87870F865 /* Pods */,
			);
			sourceTree = "<group>";
		};
		4501061C1EDBBF4500AA7A17 /* Products */ = {
			isa = PBXGroup;
			children = (
				4501061B1EDBBF4500AA7A17 /* OfO.app */,
			);
			name = Products;
			sourceTree = "<group>";
		};
		4501061D1EDBBF4500AA7A17 /* OfO */ = {
			isa = PBXGroup;
			children = (
				4501061E1EDBBF4500AA7A17 /* AppDelegate.swift */,
				450106201EDBBF4500AA7A17 /* ViewController.swift */,
				450106331EDBC62500AA7A17 /* MJHomeWebViewController.swift */,
				450106351EDBFF5500AA7A17 /* MJMenuController.swift */,
				450106221EDBBF4500AA7A17 /* Main.storyboard */,
				450106251EDBBF4500AA7A17 /* Assets.xcassets */,
				450106271EDBBF4500AA7A17 /* LaunchScreen.storyboard */,
				4501062A1EDBBF4500AA7A17 /* Info.plist */,
				45307E661EDD0D6800FBC98E /* OfO-Bridging-Header.h */,
			);
			path = OfO;
			sourceTree = "<group>";
		};
		450106301EDBC54600AA7A17 /* Frameworks */ = {
			isa = PBXGroup;
			children = (
				450106311EDBC54600AA7A17 /* MapKit.framework */,
				70E96F4199968277270EC3DB /* Pods_OfO.framework */,
			);
			name = Frameworks;
			sourceTree = "<group>";
		};
		9F6A08E60539C7C87870F865 /* Pods */ = {
			isa = PBXGroup;
			children = (
				4D8A0FED215680AAB71292AF /* Pods-OfO.debug.xcconfig */,
				576768DEBB223CC7950C13F1 /* Pods-OfO.release.xcconfig */,
			);
			name = Pods;
			sourceTree = "<group>";
		};
/* End PBXGroup section */

/* Begin PBXNativeTarget section */
		4501061A1EDBBF4500AA7A17 /* OfO */ = {
			isa = PBXNativeTarget;
			buildConfigurationList = 4501062D1EDBBF4500AA7A17 /* Build configuration list for PBXNativeTarget "OfO" */;
			buildPhases = (
				31069111FE197E12400E8122 /* [CP] Check Pods Manifest.lock */,
				450106171EDBBF4500AA7A17 /* Sources */,
				450106181EDBBF4500AA7A17 /* Frameworks */,
				450106191EDBBF4500AA7A17 /* Resources */,
				DFE4AA936A1A59257EC55FB9 /* [CP] Embed Pods Frameworks */,
				31A8B45BD53D4E88648DA977 /* [CP] Copy Pods Resources */,
			);
			buildRules = (
			);
			dependencies = (
			);
			name = OfO;
			productName = OfO;
			productReference = 4501061B1EDBBF4500AA7A17 /* OfO.app */;
			productType = "com.apple.product-type.application";
		};
/* End PBXNativeTarget section */

/* Begin PBXProject section */
		450106131EDBBF4500AA7A17 /* Project object */ = {
			isa = PBXProject;
			attributes = {
				CLASSPREFIX = MJ;
				LastSwiftUpdateCheck = 0830;
				LastUpgradeCheck = 0830;
				ORGANIZATIONNAME = "Michael 柏";
				TargetAttributes = {
					4501061A1EDBBF4500AA7A17 = {
						CreatedOnToolsVersion = 8.3.2;
						LastSwiftMigration = 0830;
						ProvisioningStyle = Automatic;
						SystemCapabilities = {
							com.apple.Maps.iOS = {
								enabled = 1;
							};
						};
					};
				};
			};
			buildConfigurationList = 450106161EDBBF4500AA7A17 /* Build configuration list for PBXProject "OfO" */;
			compatibilityVersion = "Xcode 3.2";
			developmentRegion = English;
			hasScannedForEncodings = 0;
			knownRegions = (
				en,
				Base,
			);
			mainGroup = 450106121EDBBF4500AA7A17;
			productRefGroup = 4501061C1EDBBF4500AA7A17 /* Products */;
			projectDirPath = "";
			projectRoot = "";
			targets = (
				4501061A1EDBBF4500AA7A17 /* OfO */,
			);
		};
/* End PBXProject section */

/* Begin PBXResourcesBuildPhase section */
		450106191EDBBF4500AA7A17 /* Resources */ = {
			isa = PBXResourcesBuildPhase;
			buildActionMask = 2147483647;
			files = (
				450106291EDBBF4500AA7A17 /* LaunchScreen.storyboard in Resources */,
				450106261EDBBF4500AA7A17 /* Assets.xcassets in Resources */,
				450106241EDBBF4500AA7A17 /* Main.storyboard in Resources */,
			);
			runOnlyForDeploymentPostprocessing = 0;
		};
/* End PBXResourcesBuildPhase section */

/* Begin PBXShellScriptBuildPhase section */
		31069111FE197E12400E8122 /* [CP] Check Pods Manifest.lock */ = {
			isa = PBXShellScriptBuildPhase;
			buildActionMask = 2147483647;
			files = (
			);
			inputPaths = (
			);
			name = "[CP] Check Pods Manifest.lock";
			outputPaths = (
			);
			runOnlyForDeploymentPostprocessing = 0;
			shellPath = /bin/sh;
			shellScript = "diff \"${PODS_ROOT}/../Podfile.lock\" \"${PODS_ROOT}/Manifest.lock\" > /dev/null\nif [ $? != 0 ] ; then\n    # print error to STDERR\n    echo \"error: The sandbox is not in sync with the Podfile.lock. Run 'pod install' or update your CocoaPods installation.\" >&2\n    exit 1\nfi\n";
			showEnvVarsInLog = 0;
		};
		31A8B45BD53D4E88648DA977 /* [CP] Copy Pods Resources */ = {
			isa = PBXShellScriptBuildPhase;
			buildActionMask = 2147483647;
			files = (
			);
			inputPaths = (
			);
			name = "[CP] Copy Pods Resources";
			outputPaths = (
			);
			runOnlyForDeploymentPostprocessing = 0;
			shellPath = /bin/sh;
			shellScript = "\"${SRCROOT}/Pods/Target Support Files/Pods-OfO/Pods-OfO-resources.sh\"\n";
			showEnvVarsInLog = 0;
		};
		DFE4AA936A1A59257EC55FB9 /* [CP] Embed Pods Frameworks */ = {
			isa = PBXShellScriptBuildPhase;
			buildActionMask = 2147483647;
			files = (
			);
			inputPaths = (
			);
			name = "[CP] Embed Pods Frameworks";
			outputPaths = (
			);
			runOnlyForDeploymentPostprocessing = 0;
			shellPath = /bin/sh;
			shellScript = "\"${SRCROOT}/Pods/Target Support Files/Pods-OfO/Pods-OfO-frameworks.sh\"\n";
			showEnvVarsInLog = 0;
		};
/* End PBXShellScriptBuildPhase section */

/* Begin PBXSourcesBuildPhase section */
		450106171EDBBF4500AA7A17 /* Sources */ = {
			isa = PBXSourcesBuildPhase;
			buildActionMask = 2147483647;
			files = (
				450106211EDBBF4500AA7A17 /* ViewController.swift in Sources */,
				450106361EDBFF5500AA7A17 /* MJMenuController.swift in Sources */,
				4501061F1EDBBF4500AA7A17 /* AppDelegate.swift in Sources */,
				450106341EDBC62500AA7A17 /* MJHomeWebViewController.swift in Sources */,
			);
			runOnlyForDeploymentPostprocessing = 0;
		};
/* End PBXSourcesBuildPhase section */

/* Begin PBXVariantGroup section */
		450106221EDBBF4500AA7A17 /* Main.storyboard */ = {
			isa = PBXVariantGroup;
			children = (
				450106231EDBBF4500AA7A17 /* Base */,
			);
			name = Main.storyboard;
			sourceTree = "<group>";
		};
		450106271EDBBF4500AA7A17 /* LaunchScreen.storyboard */ = {
			isa = PBXVariantGroup;
			children = (
				450106281EDBBF4500AA7A17 /* Base */,
			);
			name = LaunchScreen.storyboard;
			sourceTree = "<group>";
		};
/* End PBXVariantGroup section */

/* Begin XCBuildConfiguration section */
		4501062B1EDBBF4500AA7A17 /* Debug */ = {
			isa = XCBuildConfiguration;
			buildSettings = {
				ALWAYS_SEARCH_USER_PATHS = NO;
				CLANG_ANALYZER_NONNULL = YES;
				CLANG_ANALYZER_NUMBER_OBJECT_CONVERSION = YES_AGGRESSIVE;
				CLANG_CXX_LANGUAGE_STANDARD = "gnu++0x";
				CLANG_CXX_LIBRARY = "libc++";
				CLANG_ENABLE_MODULES = YES;
				CLANG_ENABLE_OBJC_ARC = YES;
				CLANG_WARN_BOOL_CONVERSION = YES;
				CLANG_WARN_CONSTANT_CONVERSION = YES;
				CLANG_WARN_DIRECT_OBJC_ISA_USAGE = YES_ERROR;
				CLANG_WARN_DOCUMENTATION_COMMENTS = YES;
				CLANG_WARN_EMPTY_BODY = YES;
				CLANG_WARN_ENUM_CONVERSION = YES;
				CLANG_WARN_INFINITE_RECURSION = YES;
				CLANG_WARN_INT_CONVERSION = YES;
				CLANG_WARN_OBJC_ROOT_CLASS = YES_ERROR;
				CLANG_WARN_SUSPICIOUS_MOVE = YES;
				CLANG_WARN_UNREACHABLE_CODE = YES;
				CLANG_WARN__DUPLICATE_METHOD_MATCH = YES;
				"CODE_SIGN_IDENTITY[sdk=iphoneos*]" = "iPhone Developer";
				COPY_PHASE_STRIP = NO;
				DEBUG_INFORMATION_FORMAT = dwarf;
				ENABLE_STRICT_OBJC_MSGSEND = YES;
				ENABLE_TESTABILITY = YES;
				GCC_C_LANGUAGE_STANDARD = gnu99;
				GCC_DYNAMIC_NO_PIC = NO;
				GCC_NO_COMMON_BLOCKS = YES;
				GCC_OPTIMIZATION_LEVEL = 0;
				GCC_PREPROCESSOR_DEFINITIONS = (
					"DEBUG=1",
					"$(inherited)",
				);
				GCC_WARN_64_TO_32_BIT_CONVERSION = YES;
				GCC_WARN_ABOUT_RETURN_TYPE = YES_ERROR;
				GCC_WARN_UNDECLARED_SELECTOR = YES;
				GCC_WARN_UNINITIALIZED_AUTOS = YES_AGGRESSIVE;
				GCC_WARN_UNUSED_FUNCTION = YES;
				GCC_WARN_UNUSED_VARIABLE = YES;
				IPHONEOS_DEPLOYMENT_TARGET = 10.3;
				MTL_ENABLE_DEBUG_INFO = YES;
				ONLY_ACTIVE_ARCH = YES;
				SDKROOT = iphoneos;
				SWIFT_ACTIVE_COMPILATION_CONDITIONS = DEBUG;
				SWIFT_OPTIMIZATION_LEVEL = "-Onone";
			};
			name = Debug;
		};
		4501062C1EDBBF4500AA7A17 /* Release */ = {
			isa = XCBuildConfiguration;
			buildSettings = {
				ALWAYS_SEARCH_USER_PATHS = NO;
				CLANG_ANALYZER_NONNULL = YES;
				CLANG_ANALYZER_NUMBER_OBJECT_CONVERSION = YES_AGGRESSIVE;
				CLANG_CXX_LANGUAGE_STANDARD = "gnu++0x";
				CLANG_CXX_LIBRARY = "libc++";
				CLANG_ENABLE_MODULES = YES;
				CLANG_ENABLE_OBJC_ARC = YES;
				CLANG_WARN_BOOL_CONVERSION = YES;
				CLANG_WARN_CONSTANT_CONVERSION = YES;
				CLANG_WARN_DIRECT_OBJC_ISA_USAGE = YES_ERROR;
				CLANG_WARN_DOCUMENTATION_COMMENTS = YES;
				CLANG_WARN_EMPTY_BODY = YES;
				CLANG_WARN_ENUM_CONVERSION = YES;
				CLANG_WARN_INFINITE_RECURSION = YES;
				CLANG_WARN_INT_CONVERSION = YES;
				CLANG_WARN_OBJC_ROOT_CLASS = YES_ERROR;
				CLANG_WARN_SUSPICIOUS_MOVE = YES;
				CLANG_WARN_UNREACHABLE_CODE = YES;
				CLANG_WARN__DUPLICATE_METHOD_MATCH = YES;
				"CODE_SIGN_IDENTITY[sdk=iphoneos*]" = "iPhone Developer";
				COPY_PHASE_STRIP = NO;
				DEBUG_INFORMATION_FORMAT = "dwarf-with-dsym";
				ENABLE_NS_ASSERTIONS = NO;
				ENABLE_STRICT_OBJC_MSGSEND = YES;
				GCC_C_LANGUAGE_STANDARD = gnu99;
				GCC_NO_COMMON_BLOCKS = YES;
				GCC_WARN_64_TO_32_BIT_CONVERSION = YES;
				GCC_WARN_ABOUT_RETURN_TYPE = YES_ERROR;
				GCC_WARN_UNDECLARED_SELECTOR = YES;
				GCC_WARN_UNINITIALIZED_AUTOS = YES_AGGRESSIVE;
				GCC_WARN_UNUSED_FUNCTION = YES;
				GCC_WARN_UNUSED_VARIABLE = YES;
				IPHONEOS_DEPLOYMENT_TARGET = 10.3;
				MTL_ENABLE_DEBUG_INFO = NO;
				SDKROOT = iphoneos;
				SWIFT_OPTIMIZATION_LEVEL = "-Owholemodule";
				VALIDATE_PRODUCT = YES;
			};
			name = Release;
		};
		4501062E1EDBBF4500AA7A17 /* Debug */ = {
			isa = XCBuildConfiguration;
			baseConfigurationReference = 4D8A0FED215680AAB71292AF /* Pods-OfO.debug.xcconfig */;
			buildSettings = {
				ASSETCATALOG_COMPILER_APPICON_NAME = AppIcon;
				ASSETCATALOG_COMPILER_LAUNCHIMAGE_NAME = LaunchImage;
				CLANG_ENABLE_MODULES = YES;
				INFOPLIST_FILE = OfO/Info.plist;
				LD_RUNPATH_SEARCH_PATHS = "$(inherited) @executable_path/Frameworks";
				PRODUCT_BUNDLE_IDENTIFIER = cn.itcast.OfO;
				PRODUCT_NAME = "$(TARGET_NAME)";
				SWIFT_OBJC_BRIDGING_HEADER = "OfO/OfO-Bridging-Header.h";
				SWIFT_OPTIMIZATION_LEVEL = "-Onone";
				SWIFT_VERSION = 3.0;
			};
			name = Debug;
		};
		4501062F1EDBBF4500AA7A17 /* Release */ = {
			isa = XCBuildConfiguration;
			baseConfigurationReference = 576768DEBB223CC7950C13F1 /* Pods-OfO.release.xcconfig */;
			buildSettings = {
				ASSETCATALOG_COMPILER_APPICON_NAME = AppIcon;
				ASSETCATALOG_COMPILER_LAUNCHIMAGE_NAME = LaunchImage;
				CLANG_ENABLE_MODULES = YES;
				INFOPLIST_FILE = OfO/Info.plist;
				LD_RUNPATH_SEARCH_PATHS = "$(inherited) @executable_path/Frameworks";
				PRODUCT_BUNDLE_IDENTIFIER = cn.itcast.OfO;
				PRODUCT_NAME = "$(TARGET_NAME)";
				SWIFT_OBJC_BRIDGING_HEADER = "OfO/OfO-Bridging-Header.h";
				SWIFT_VERSION = 3.0;
			};
			name = Release;
		};
/* End XCBuildConfiguration section */

/* Begin XCConfigurationList section */
		450106161EDBBF4500AA7A17 /* Build configuration list for PBXProject "OfO" */ = {
			isa = XCConfigurationList;
			buildConfigurations = (
				4501062B1EDBBF4500AA7A17 /* Debug */,
				4501062C1EDBBF4500AA7A17 /* Release */,
			);
			defaultConfigurationIsVisible = 0;
			defaultConfigurationName = Release;
		};
		4501062D1EDBBF4500AA7A17 /* Build configuration list for PBXNativeTarget "OfO" */ = {
			isa = XCConfigurationList;
			buildConfigurations = (
				4501062E1EDBBF4500AA7A17 /* Debug */,
				4501062F1EDBBF4500AA7A17 /* Release */,
			);
			defaultConfigurationIsVisible = 0;
			defaultConfigurationName = Release;
		};
/* End XCConfigurationList section */
	};
	rootObject = 450106131EDBBF4500AA7A17 /* Project object */;
}
